
Microsoft Visual Studio Solution File, Format Version 12.00
# Visual Studio Version 16
VisualStudioVersion = 16.0.30523.141
MinimumVisualStudioVersion = 10.0.40219.1
Project("{9A19103F-16F7-4668-BE54-9A1E7A4F7556}") = "SuperHeroSpeedNetworking", "SuperHeroSpeedNetworking.csproj", "{4F551C5E-536E-4C80-BD16-024253EB092D}"
EndProject
Global
	GlobalSection(SolutionConfigurationPlatforms) = preSolution
		Debug|Any CPU = Debug|Any CPU
		Release|Any CPU = Release|Any CPU
	EndGlobalSection
	GlobalSection(ProjectConfigurationPlatforms) = postSolution
		{4F551C5E-536E-4C80-BD16-024253EB092D}.Debug|Any CPU.ActiveCfg = Debug|Any CPU
		{4F551C5E-536E-4C80-BD16-024253EB092D}.Debug|Any CPU.Build.0 = Debug|Any CPU
		{4F551C5E-536E-4C80-BD16-024253EB092D}.Release|Any CPU.ActiveCfg = Release|Any CPU
		{4F551C5E-536E-4C80-BD16-024253EB092D}.Release|Any CPU.Build.0 = Release|Any CPU
	EndGlobalSection
	GlobalSection(SolutionProperties) = preSolution
		HideSolutionNode = FALSE
	EndGlobalSection
	GlobalSection(ExtensibilityGlobals) = postSolution
		SolutionGuid = {6AD703CC-5493-46D3-B8EC-5BBB7EFF3C6A}
	EndGlobalSection
EndGlobal
